<?xml version="1.0" encoding="utf-8"?>
<Project ToolsVersion="4.0" xmlns="http://schemas.microsoft.com/developer/msbuild/2003">
  <ItemGroup>
    <Filter Include="View">
      <UniqueIdentifier>{d84f90df-4f50-40ae-a927-882c80461578}</UniqueIdentifier>
    </Filter>
    <Filter Include="Controller">
      <UniqueIdentifier>{489ec1e5-b0a5-48f7-8191-2694c396d4ca}</UniqueIdentifier>
    </Filter>
    <Filter Include="Model">
      <UniqueIdentifier>{78bde84b-dc80-4a2e-ba5b-a03ca4ca0e9f}</UniqueIdentifier>
    </Filter>
  </ItemGroup>
  <ItemGroup>
    <ClCompile Include="Main.cc" />
  </ItemGroup>
  <ItemGroup>
    <ClInclude Include="GameEngine.hh">
      <Filter>Controller</Filter>
    </ClInclude>
  </ItemGroup>
</Project>